{
	"name": "{{app}}",
	"requires": true,
	"lockfileVersion": 1,
	"dependencies": {
		"@babel/runtime": {
			"version": "7.13.10",
			"resolved": "https://registry.npmjs.org/@babel/runtime/-/runtime-7.13.10.tgz",
			"integrity": "sha512-4QPkjJq6Ns3V/RgpEahRk+AGfL0eO6RHHtTWoNNr5mO49G6B5+X6d6THgWEAvTrznU5xYpbAlVKRYcsCgh/Akw==",
			"requires": {
				"regenerator-runtime": "^0.13.4"
			}
		},
		"@radix-ui/number": {
			"version": "0.0.5",
			"resolved": "https://registry.npmjs.org/@radix-ui/number/-/number-0.0.5.tgz",
			"integrity": "sha512-Xt73/CMoMpjcNDhtcOw/yQEYgoFrAjFMfBSqLGVRFf7TXOzQY+YsphyxOF0mMdS6TWsqefiUtPZ9qhJmdNPPdg==",
			"requires": {
				"@babel/runtime": "^7.13.10"
			}
		},
		"@radix-ui/popper": {
			"version": "0.0.10",
			"resolved": "https://registry.npmjs.org/@radix-ui/popper/-/popper-0.0.10.tgz",
			"integrity": "sha512-YFKuPqQPKscreQid7NuB4it3PMzSwGg03vgrud6sVliHkI43QNAOHyrHyMNo015jg6QK5GVDn+7J2W5uygqSGA==",
			"requires": {
				"@babel/runtime": "^7.13.10",
				"csstype": "^3.0.4"
			}
		},
		"@radix-ui/primitive": {
			"version": "0.0.5",
			"resolved": "https://registry.npmjs.org/@radix-ui/primitive/-/primitive-0.0.5.tgz",
			"integrity": "sha512-VeL6A5LpKYRJhDDj5tCTnzP3zm+FnvybsAkgBHQ4LUPPBnqRdWLoyKpZhlwFze/z22QHINaTIcE9Z/fTcrUR1g==",
			"requires": {
				"@babel/runtime": "^7.13.10"
			}
		},
		"@radix-ui/react-arrow": {
			"version": "0.0.11",
			"resolved": "https://registry.npmjs.org/@radix-ui/react-arrow/-/react-arrow-0.0.11.tgz",
			"integrity": "sha512-U/GQhoDomKs8GiN76JqbNeXFinvwzSFk02wSJs5Xnw2n+/gi1coGv1PP2flna0VRya756u1N2qPZzyUtdbyYTQ==",
			"requires": {
				"@babel/runtime": "^7.13.10",
				"@radix-ui/react-polymorphic": "0.0.10",
				"@radix-ui/react-primitive": "0.0.11"
			}
		},
		"@radix-ui/react-avatar": {
			"version": "0.0.11",
			"resolved": "https://registry.npmjs.org/@radix-ui/react-avatar/-/react-avatar-0.0.11.tgz",
			"integrity": "sha512-ZBMgm+ftwq/SxQQb9afoAgC3eT9TTXcYqExQG8IRpSBM9rjkq1PQflV+sq/7hV3nDOb5pApsGadSi6tLXe6c3A==",
			"requires": {
				"@babel/runtime": "^7.13.10",
				"@radix-ui/react-context": "0.0.5",
				"@radix-ui/react-polymorphic": "0.0.10",
				"@radix-ui/react-primitive": "0.0.11",
				"@radix-ui/react-use-callback-ref": "0.0.5",
				"@radix-ui/react-use-layout-effect": "0.0.5"
			}
		},
		"@radix-ui/react-checkbox": {
			"version": "0.0.13",
			"resolved": "https://registry.npmjs.org/@radix-ui/react-checkbox/-/react-checkbox-0.0.13.tgz",
			"integrity": "sha512-A+Vce+YBCSwFPp+SS7AdevqiBkT/KW01NLrhUDLaKJdcIWP6nJ7wC4DI6jNXtAxK2wwRLpNC81j/yQwpdygTlw==",
			"requires": {
				"@babel/runtime": "^7.13.10",
				"@radix-ui/primitive": "0.0.5",
				"@radix-ui/react-compose-refs": "0.0.5",
				"@radix-ui/react-context": "0.0.5",
				"@radix-ui/react-label": "0.0.11",
				"@radix-ui/react-polymorphic": "0.0.10",
				"@radix-ui/react-presence": "0.0.13",
				"@radix-ui/react-primitive": "0.0.11",
				"@radix-ui/react-use-controllable-state": "0.0.6"
			}
		},
		"@radix-ui/react-compose-refs": {
			"version": "0.0.5",
			"resolved": "https://registry.npmjs.org/@radix-ui/react-compose-refs/-/react-compose-refs-0.0.5.tgz",
			"integrity": "sha512-O9mH9X/2EwuAEEoZXrU4alcrRbAhhZHGpIJ5bOH6rmRcokhaoWRBY1tOEe2lgHdb/bkKrY+viLi4Zq8Ju6/09Q==",
			"requires": {
				"@babel/runtime": "^7.13.10"
			}
		},
		"@radix-ui/react-context": {
			"version": "0.0.5",
			"resolved": "https://registry.npmjs.org/@radix-ui/react-context/-/react-context-0.0.5.tgz",
			"integrity": "sha512-bwrzAc0qc2EPepSTLBT4+93uCiI9wP78VSmPg2K+k71O/vpx7dPs0VqrewwCBNCHT54NIwaRr2hEsm2uqYi02A==",
			"requires": {
				"@babel/runtime": "^7.13.10"
			}
		},
		"@radix-ui/react-dismissable-layer": {
			"version": "0.0.12",
			"resolved": "https://registry.npmjs.org/@radix-ui/react-dismissable-layer/-/react-dismissable-layer-0.0.12.tgz",
			"integrity": "sha512-17mxRW97HN79tp3N2KHyP8eM4zuuILcg4w6ClWBrNAELREnJZ65ea23Ah43E4QwwckX/I8FGSsrRBD1sHvvQ8w==",
			"requires": {
				"@babel/runtime": "^7.13.10",
				"@radix-ui/react-use-body-pointer-events": "0.0.6",
				"@radix-ui/react-use-callback-ref": "0.0.5",
				"@radix-ui/react-use-escape-keydown": "0.0.6"
			}
		},
		"@radix-ui/react-dropdown-menu": {
			"version": "0.0.17",
			"resolved": "https://registry.npmjs.org/@radix-ui/react-dropdown-menu/-/react-dropdown-menu-0.0.17.tgz",
			"integrity": "sha512-mHJllb9w4LOx1amRrtA1DuU6pT9qTHlrReHV6Z4i716iXJkpFY4McDyGCtIoa9ODWcsx504XEC9EwVQml/8TAg==",
			"requires": {
				"@babel/runtime": "^7.13.10",
				"@radix-ui/primitive": "0.0.5",
				"@radix-ui/react-compose-refs": "0.0.5",
				"@radix-ui/react-context": "0.0.5",
				"@radix-ui/react-id": "0.0.5",
				"@radix-ui/react-menu": "0.0.16",
				"@radix-ui/react-polymorphic": "0.0.10",
				"@radix-ui/react-primitive": "0.0.11",
				"@radix-ui/react-use-controllable-state": "0.0.6"
			}
		},
		"@radix-ui/react-focus-guards": {
			"version": "0.0.7",
			"resolved": "https://registry.npmjs.org/@radix-ui/react-focus-guards/-/react-focus-guards-0.0.7.tgz",
			"integrity": "sha512-enAsmrUunptHVzPLTuZqwTP/X3WFBnyJ/jP9W+0g+bRvI3o7V1kxNc+T2Rp1eRTFBW+lUNnt08qkugPytyTRog==",
			"requires": {
				"@babel/runtime": "^7.13.10"
			}
		},
		"@radix-ui/react-focus-scope": {
			"version": "0.0.11",
			"resolved": "https://registry.npmjs.org/@radix-ui/react-focus-scope/-/react-focus-scope-0.0.11.tgz",
			"integrity": "sha512-zFxVwQlU3NHtPMaC6WkIjlk0h6kkdzZI9TB67vQ9ZaZEJtE9eGfo+FMugCjQxnv1aO5+pFTx1AsyGKLv05+K5g==",
			"requires": {
				"@babel/runtime": "^7.13.10",
				"@radix-ui/react-use-callback-ref": "0.0.5"
			}
		},
		"@radix-ui/react-id": {
			"version": "0.0.5",
			"resolved": "https://registry.npmjs.org/@radix-ui/react-id/-/react-id-0.0.5.tgz",
			"integrity": "sha512-ho3Nti6qdlG6y6Ac+MzbaRfd1f601FpxOHfobT27mDClvlpX/c/TEK6bmSWRd0ZNdqEhbwC5s+JirutO06uBVw==",
			"requires": {
				"@babel/runtime": "^7.13.10"
			}
		},
		"@radix-ui/react-label": {
			"version": "0.0.11",
			"resolved": "https://registry.npmjs.org/@radix-ui/react-label/-/react-label-0.0.11.tgz",
			"integrity": "sha512-w0uwTAR2DW/9kZucXOgIS/eC0mfmGujOJEhP5FgY3RQLP/FAMIhBXX1VisHT0ING+ftlxzIw1/9rACyyJKINBg==",
			"requires": {
				"@babel/runtime": "^7.13.10",
				"@radix-ui/react-compose-refs": "0.0.5",
				"@radix-ui/react-id": "0.0.5",
				"@radix-ui/react-polymorphic": "0.0.10",
				"@radix-ui/react-primitive": "0.0.11"
			}
		},
		"@radix-ui/react-menu": {
			"version": "0.0.16",
			"resolved": "https://registry.npmjs.org/@radix-ui/react-menu/-/react-menu-0.0.16.tgz",
			"integrity": "sha512-uOZDZ8d5o2TrMqxfnwtMHfg/Fg8M2re4K/4qckoHaECTpYI9bE/1vUYTZbFa+RcMC9eqE4yhMgVXX2hkxaYZow==",
			"requires": {
				"@babel/runtime": "^7.13.10",
				"@radix-ui/primitive": "0.0.5",
				"@radix-ui/react-compose-refs": "0.0.5",
				"@radix-ui/react-context": "0.0.5",
				"@radix-ui/react-dismissable-layer": "0.0.12",
				"@radix-ui/react-focus-guards": "0.0.7",
				"@radix-ui/react-focus-scope": "0.0.11",
				"@radix-ui/react-polymorphic": "0.0.10",
				"@radix-ui/react-popper": "0.0.14",
				"@radix-ui/react-portal": "0.0.11",
				"@radix-ui/react-presence": "0.0.13",
				"@radix-ui/react-primitive": "0.0.11",
				"@radix-ui/react-roving-focus": "0.0.11",
				"@radix-ui/react-use-callback-ref": "0.0.5",
				"aria-hidden": "^1.1.1",
				"react-remove-scroll": "^2.4.0"
			}
		},
		"@radix-ui/react-polymorphic": {
			"version": "0.0.10",
			"resolved": "https://registry.npmjs.org/@radix-ui/react-polymorphic/-/react-polymorphic-0.0.10.tgz",
			"integrity": "sha512-kzvlPoFQS4q09ysg7nUieH74dmRIctZKmje3hUdKCHuISWnZu6K4qg2jei+nhCrZw4yRGLv/GybKsgvnBftvaA==",
			"requires": {
				"@babel/runtime": "^7.13.10"
			}
		},
		"@radix-ui/react-popper": {
			"version": "0.0.14",
			"resolved": "https://registry.npmjs.org/@radix-ui/react-popper/-/react-popper-0.0.14.tgz",
			"integrity": "sha512-1U5hRbUFZiqlT6vEgFugrL27FqstlH6gwaWq82esOA8lDQUwNTnr4fu+7fY5ZVhJa7vdzwe9+p7RWSad/uCZ3w==",
			"requires": {
				"@babel/runtime": "^7.13.10",
				"@radix-ui/popper": "0.0.10",
				"@radix-ui/react-arrow": "0.0.11",
				"@radix-ui/react-compose-refs": "0.0.5",
				"@radix-ui/react-context": "0.0.5",
				"@radix-ui/react-polymorphic": "0.0.10",
				"@radix-ui/react-primitive": "0.0.11",
				"@radix-ui/react-use-rect": "0.0.6",
				"@radix-ui/react-use-size": "0.0.5",
				"@radix-ui/rect": "0.0.5"
			}
		},
		"@radix-ui/react-portal": {
			"version": "0.0.11",
			"resolved": "https://registry.npmjs.org/@radix-ui/react-portal/-/react-portal-0.0.11.tgz",
			"integrity": "sha512-FblIl0ZzfvAcwZn73/vwGGxsaOMEPbwx3uTkLTEcaqmzMnw1cR7eqx+VaX4ObxdY3P8ZhT9DTLnuyiQff9WGuA==",
			"requires": {
				"@babel/runtime": "^7.13.10",
				"@radix-ui/react-polymorphic": "0.0.10",
				"@radix-ui/react-primitive": "0.0.11",
				"@radix-ui/react-use-layout-effect": "0.0.5"
			}
		},
		"@radix-ui/react-presence": {
			"version": "0.0.13",
			"resolved": "https://registry.npmjs.org/@radix-ui/react-presence/-/react-presence-0.0.13.tgz",
			"integrity": "sha512-VpHYMYIRdOO6ic0Pp3QeFLrwQGepAGP8G8pnkGKVO9pSwNQQsHjqzbLkV9l4IaITz25u000POnnxvTOlEgPXEw==",
			"requires": {
				"@babel/runtime": "^7.13.10",
				"@radix-ui/react-compose-refs": "0.0.5"
			}
		},
		"@radix-ui/react-primitive": {
			"version": "0.0.11",
			"resolved": "https://registry.npmjs.org/@radix-ui/react-primitive/-/react-primitive-0.0.11.tgz",
			"integrity": "sha512-JAo18CbcTuBwhGtK4ZfgwlEVtXU7h5pi+XSHyPMDliu0umPhRr0/GBXdfAHqgujDwQ4dXKcBmU0HWhIy2vnWaA==",
			"requires": {
				"@babel/runtime": "^7.13.10",
				"@radix-ui/react-polymorphic": "0.0.10"
			}
		},
		"@radix-ui/react-roving-focus": {
			"version": "0.0.11",
			"resolved": "https://registry.npmjs.org/@radix-ui/react-roving-focus/-/react-roving-focus-0.0.11.tgz",
			"integrity": "sha512-qriXed3qwRCdItxS/nHaNi89RXJwc+GIulBbs14oFSdfTLuR1bxDnM6TwnPLgwqAoQHA9FGTIL42s8atJj1P2A==",
			"requires": {
				"@babel/runtime": "^7.13.10",
				"@radix-ui/number": "0.0.5",
				"@radix-ui/react-context": "0.0.5",
				"@radix-ui/react-id": "0.0.5",
				"@radix-ui/react-use-controllable-state": "0.0.6"
			}
		},
		"@radix-ui/react-slot": {
			"version": "0.0.9",
			"resolved": "https://registry.npmjs.org/@radix-ui/react-slot/-/react-slot-0.0.9.tgz",
			"integrity": "sha512-EC20mo4n24cz//C16JseBBtMtDtms3RL5Uv4fVznILJ+kXtVazfhJ8lax1FCPdxJu/iGoMpT8SqnK+wZ+Bnymw==",
			"requires": {
				"@babel/runtime": "^7.13.10",
				"@radix-ui/primitive": "0.0.5",
				"@radix-ui/react-compose-refs": "0.0.5"
			}
		},
		"@radix-ui/react-switch": {
			"version": "0.0.11",
			"resolved": "https://registry.npmjs.org/@radix-ui/react-switch/-/react-switch-0.0.11.tgz",
			"integrity": "sha512-uDIFDWmq8v/zm+qM2yisna7xbESWL7oCVIgJSQ9kIjfU6u7Xk2WXBHsU+1qgdg68Y4xilyfT6m0hfUncQjNL7w==",
			"requires": {
				"@babel/runtime": "^7.13.10",
				"@radix-ui/primitive": "0.0.5",
				"@radix-ui/react-compose-refs": "0.0.5",
				"@radix-ui/react-context": "0.0.5",
				"@radix-ui/react-label": "0.0.11",
				"@radix-ui/react-polymorphic": "0.0.10",
				"@radix-ui/react-primitive": "0.0.11",
				"@radix-ui/react-use-controllable-state": "0.0.6"
			}
		},
		"@radix-ui/react-tooltip": {
			"version": "0.0.16",
			"resolved": "https://registry.npmjs.org/@radix-ui/react-tooltip/-/react-tooltip-0.0.16.tgz",
			"integrity": "sha512-9t7re+G4SQE/INjXvutww0oy8UK9wA5UTOCMC20vcGZijUKnNTTV+wuxcQhP4NDQD08bT85EOWQc6vAjF3/+Eg==",
			"requires": {
				"@babel/runtime": "^7.13.10",
				"@radix-ui/primitive": "0.0.5",
				"@radix-ui/react-compose-refs": "0.0.5",
				"@radix-ui/react-context": "0.0.5",
				"@radix-ui/react-id": "0.0.5",
				"@radix-ui/react-polymorphic": "0.0.10",
				"@radix-ui/react-popper": "0.0.14",
				"@radix-ui/react-portal": "0.0.11",
				"@radix-ui/react-presence": "0.0.13",
				"@radix-ui/react-primitive": "0.0.11",
				"@radix-ui/react-slot": "0.0.9",
				"@radix-ui/react-use-controllable-state": "0.0.6",
				"@radix-ui/react-use-escape-keydown": "0.0.6",
				"@radix-ui/react-use-layout-effect": "0.0.5",
				"@radix-ui/react-use-previous": "0.0.5",
				"@radix-ui/react-use-rect": "0.0.6",
				"@radix-ui/react-visually-hidden": "0.0.11"
			}
		},
		"@radix-ui/react-use-body-pointer-events": {
			"version": "0.0.6",
			"resolved": "https://registry.npmjs.org/@radix-ui/react-use-body-pointer-events/-/react-use-body-pointer-events-0.0.6.tgz",
			"integrity": "sha512-ouYb7u1+K9TsiEcNs3HceNUBUgB2PV41EyD5O6y6ZPMxl1lW/QAy5dfyfJMRyaRWQ6kxwmGoKlCSb4uPTruzuQ==",
			"requires": {
				"@babel/runtime": "^7.13.10",
				"@radix-ui/react-use-layout-effect": "0.0.5"
			}
		},
		"@radix-ui/react-use-callback-ref": {
			"version": "0.0.5",
			"resolved": "https://registry.npmjs.org/@radix-ui/react-use-callback-ref/-/react-use-callback-ref-0.0.5.tgz",
			"integrity": "sha512-z1AI221vmq9f3vsDyrCsGLCatKagbM1YeCGdRMhMsUBzFFCaJ+Axyoe/ndVqW8wwsraGWr1zYVAhIEdlC0GvPg==",
			"requires": {
				"@babel/runtime": "^7.13.10"
			}
		},
		"@radix-ui/react-use-controllable-state": {
			"version": "0.0.6",
			"resolved": "https://registry.npmjs.org/@radix-ui/react-use-controllable-state/-/react-use-controllable-state-0.0.6.tgz",
			"integrity": "sha512-fBk4hUSKc4N7X/NAaifWYfKKfNuOB9xvj0MBQQYS5oOTNRgg4y8/Ax3jZ0adsplXDm7ix75sxqWm0nrvUoAjcw==",
			"requires": {
				"@babel/runtime": "^7.13.10",
				"@radix-ui/react-use-callback-ref": "0.0.5"
			}
		},
		"@radix-ui/react-use-escape-keydown": {
			"version": "0.0.6",
			"resolved": "https://registry.npmjs.org/@radix-ui/react-use-escape-keydown/-/react-use-escape-keydown-0.0.6.tgz",
			"integrity": "sha512-MJpVj21BYwWllmp2xbXPqpKPssJ1WWrZi+Qx7PY5hVcBhQr5Jo6yKwIX677pH5Yql95ENTTT5LW3q+LVFYIISw==",
			"requires": {
				"@babel/runtime": "^7.13.10",
				"@radix-ui/react-use-callback-ref": "0.0.5"
			}
		},
		"@radix-ui/react-use-layout-effect": {
			"version": "0.0.5",
			"resolved": "https://registry.npmjs.org/@radix-ui/react-use-layout-effect/-/react-use-layout-effect-0.0.5.tgz",
			"integrity": "sha512-bNPW2JNOr/p2hXr0hfKKqrEy5deNSRF17sw3l9Z7qlEnvIbBtQ7iwY/wrxIz5P7XFyYGoXodIUDH5G8PEucE3A==",
			"requires": {
				"@babel/runtime": "^7.13.10"
			}
		},
		"@radix-ui/react-use-previous": {
			"version": "0.0.5",
			"resolved": "https://registry.npmjs.org/@radix-ui/react-use-previous/-/react-use-previous-0.0.5.tgz",
			"integrity": "sha512-GjtJlWlDAEMqCm2RDnVdWI6tk4/ZQfRq/VlP05Xy5rFZj6lD37VZWVWUELMBasRPzd2AS/9wPmphOgjH0VnE5A==",
			"requires": {
				"@babel/runtime": "^7.13.10"
			}
		},
		"@radix-ui/react-use-rect": {
			"version": "0.0.6",
			"resolved": "https://registry.npmjs.org/@radix-ui/react-use-rect/-/react-use-rect-0.0.6.tgz",
			"integrity": "sha512-2FaIR235tYqJNaRhOkdnzYPE5yhKjRBqxobxOOXPf+8wQf+EEnEmF9pF6YpMP0GlkpEmUFAvK4E1N3526hozBQ==",
			"requires": {
				"@babel/runtime": "^7.13.10",
				"@radix-ui/react-use-layout-effect": "0.0.5",
				"@radix-ui/rect": "0.0.5"
			}
		},
		"@radix-ui/react-use-size": {
			"version": "0.0.5",
			"resolved": "https://registry.npmjs.org/@radix-ui/react-use-size/-/react-use-size-0.0.5.tgz",
			"integrity": "sha512-k3RyuOwpzElY9ZH6Vi5lVEZT0QKSCSqSLpNk2lVpTlIWZze+7sTN/w9MGwDW3VLwxlEKOyqku1/18k1xx6Onxw==",
			"requires": {
				"@babel/runtime": "^7.13.10"
			}
		},
		"@radix-ui/react-visually-hidden": {
			"version": "0.0.11",
			"resolved": "https://registry.npmjs.org/@radix-ui/react-visually-hidden/-/react-visually-hidden-0.0.11.tgz",
			"integrity": "sha512-kTOrQ4+kkyfEt/td8puteOFvJ2ysXI/OekNxqCJjAk9tU3C8mespS2Z+sql5Dtt9T3vslbW2xLWO7RMKuvKrDA==",
			"requires": {
				"@babel/runtime": "^7.13.10",
				"@radix-ui/react-polymorphic": "0.0.10",
				"@radix-ui/react-primitive": "0.0.11"
			}
		},
		"@radix-ui/rect": {
			"version": "0.0.5",
			"resolved": "https://registry.npmjs.org/@radix-ui/rect/-/rect-0.0.5.tgz",
			"integrity": "sha512-gXw171KbjyttA7K1DRIvPguLmKsg8raitB67MIcsdZwcquy+a1O2w3xY21NIKEqGhJwqJkECPUmMJDXgMNYuAg==",
			"requires": {
				"@babel/runtime": "^7.13.10"
			}
		},
		"aria-hidden": {
			"version": "1.1.2",
			"resolved": "https://registry.npmjs.org/aria-hidden/-/aria-hidden-1.1.2.tgz",
			"integrity": "sha512-WAMH9q3vRimVqP+B0q2eDvx7IPDoY17A2fWwj5atTA/zTYJCNcS6HJ5YErZ5FO3PUHhrV0y0yR1NA0dRNm913A==",
			"requires": {
				"tslib": "^1.0.0"
			}
		},
		"classnames": {
			"version": "2.3.1",
			"resolved": "https://registry.npmjs.org/classnames/-/classnames-2.3.1.tgz",
			"integrity": "sha512-OlQdbZ7gLfGarSqxesMesDa5uz7KFbID8Kpq/SxIoNGDqY8lSYs0D+hhtBXhcdB3rcbXArFr7vlHheLk1voeNA=="
		},
		"csstype": {
			"version": "3.0.7",
			"resolved": "https://registry.npmjs.org/csstype/-/csstype-3.0.7.tgz",
			"integrity": "sha512-KxnUB0ZMlnUWCsx2Z8MUsr6qV6ja1w9ArPErJaJaF8a5SOWoHLIszeCTKGRGRgtLgYrs1E8CHkNSP1VZTTPc9g=="
		},
		"detect-node-es": {
			"version": "1.1.0",
			"resolved": "https://registry.npmjs.org/detect-node-es/-/detect-node-es-1.1.0.tgz",
			"integrity": "sha512-ypdmJU/TbBby2Dxibuv7ZLW3Bs1QEmM7nHjEANfohJLvE0XVujisn1qPJcZxg+qDucsr+bP6fLD1rPS3AhJ7EQ=="
		},
		"get-nonce": {
			"version": "1.0.1",
			"resolved": "https://registry.npmjs.org/get-nonce/-/get-nonce-1.0.1.tgz",
			"integrity": "sha512-FJhYRoDaiatfEkUK8HKlicmu/3SGFD51q3itKDGoSTysQJBnfOcxU5GxnhE1E6soB76MbT0MBtnKJuXyAx+96Q=="
		},
		"invariant": {
			"version": "2.2.4",
			"resolved": "https://registry.npmjs.org/invariant/-/invariant-2.2.4.tgz",
			"integrity": "sha512-phJfQVBuaJM5raOpJjSfkiD6BpbCE4Ns//LaXl6wGYtUBY83nWS6Rf9tXm2e8VaK60JEjYldbPif/A2B1C2gNA==",
			"requires": {
				"loose-envify": "^1.0.0"
			}
		},
		"js-tokens": {
			"version": "4.0.0",
			"resolved": "https://registry.npmjs.org/js-tokens/-/js-tokens-4.0.0.tgz",
			"integrity": "sha512-RdJUflcE3cUzKiMqQgsCu06FPu9UdIJO0beYbPhHN4k6apgJtifcoCtT9bcxOpYBtpD2kCM6Sbzg4CausW/PKQ=="
		},
		"loose-envify": {
			"version": "1.4.0",
			"resolved": "https://registry.npmjs.org/loose-envify/-/loose-envify-1.4.0.tgz",
			"integrity": "sha512-lyuxPGr/Wfhrlem2CL/UcnUc1zcqKAImBDzukY7Y5F/yQiNdko6+fRLevlw1HgMySw7f611UIY408EtxRSoK3Q==",
			"requires": {
				"js-tokens": "^3.0.0 || ^4.0.0"
			}
		},
		"preact": {
			"version": "10.5.13",
			"resolved": "https://registry.npmjs.org/preact/-/preact-10.5.13.tgz",
			"integrity": "sha512-q/vlKIGNwzTLu+jCcvywgGrt+H/1P/oIRSD6mV4ln3hmlC+Aa34C7yfPI4+5bzW8pONyVXYS7SvXosy2dKKtWQ=="
		},
		"prettier": {
			"version": "2.2.1",
			"resolved": "https://registry.npmjs.org/prettier/-/prettier-2.2.1.tgz",
			"integrity": "sha512-PqyhM2yCjg/oKkFPtTGUojv7gnZAoG80ttl45O6x2Ug/rMJw4wcc9k6aaf2hibP7BGVCCM33gZoGjyvt9mm16Q==",
			"dev": true
		},
		"react-remove-scroll": {
			"version": "2.4.1",
			"resolved": "https://registry.npmjs.org/react-remove-scroll/-/react-remove-scroll-2.4.1.tgz",
			"integrity": "sha512-K7XZySEzOHMTq7dDwcHsZA6Y7/1uX5RsWhRXVYv8rdh+y9Qz2nMwl9RX/Mwnj/j7JstCGmxyfyC0zbVGXYh3mA==",
			"requires": {
				"react-remove-scroll-bar": "^2.1.0",
				"react-style-singleton": "^2.1.0",
				"tslib": "^1.0.0",
				"use-callback-ref": "^1.2.3",
				"use-sidecar": "^1.0.1"
			}
		},
		"react-remove-scroll-bar": {
			"version": "2.2.0",
			"resolved": "https://registry.npmjs.org/react-remove-scroll-bar/-/react-remove-scroll-bar-2.2.0.tgz",
			"integrity": "sha512-UU9ZBP1wdMR8qoUs7owiVcpaPwsQxUDC2lypP6mmixaGlARZa7ZIBx1jcuObLdhMOvCsnZcvetOho0wzPa9PYg==",
			"requires": {
				"react-style-singleton": "^2.1.0",
				"tslib": "^1.0.0"
			}
		},
		"react-style-singleton": {
			"version": "2.1.1",
			"resolved": "https://registry.npmjs.org/react-style-singleton/-/react-style-singleton-2.1.1.tgz",
			"integrity": "sha512-jNRp07Jza6CBqdRKNgGhT3u9umWvils1xsuMOjZlghBDH2MU0PL2WZor4PGYjXpnRCa9DQSlHMs/xnABWOwYbA==",
			"requires": {
				"get-nonce": "^1.0.0",
				"invariant": "^2.2.4",
				"tslib": "^1.0.0"
			}
		},
		"regenerator-runtime": {
			"version": "0.13.7",
			"resolved": "https://registry.npmjs.org/regenerator-runtime/-/regenerator-runtime-0.13.7.tgz",
			"integrity": "sha512-a54FxoJDIr27pgf7IgeQGxmqUNYrcV338lf/6gH456HZ/PhX+5BcwHXG9ajESmwe6WRO0tAzRUrRmNONWgkrew=="
		},
		"swr": {
			"version": "0.5.4",
			"resolved": "https://registry.npmjs.org/swr/-/swr-0.5.4.tgz",
			"integrity": "sha512-TUSxxuC8uP/4JKV22ml91WQ0tbif+9HVhm683xm8KYfwZIW5ogwcnU634dg3x6N7azpIDIOLokoIi+z5vCz/yA=="
		},
		"tslib": {
			"version": "1.14.1",
			"resolved": "https://registry.npmjs.org/tslib/-/tslib-1.14.1.tgz",
			"integrity": "sha512-Xni35NKzjgMrwevysHTCArtLDpPvye8zV/0E4EyYn43P7/7qvQwPh9BGkHewbMulVntbigmcT7rdX3BNo9wRJg=="
		},
		"use-callback-ref": {
			"version": "1.2.5",
			"resolved": "https://registry.npmjs.org/use-callback-ref/-/use-callback-ref-1.2.5.tgz",
			"integrity": "sha512-gN3vgMISAgacF7sqsLPByqoePooY3n2emTH59Ur5d/M8eg4WTWu1xp8i8DHjohftIyEx0S08RiYxbffr4j8Peg=="
		},
		"use-sidecar": {
			"version": "1.0.5",
			"resolved": "https://registry.npmjs.org/use-sidecar/-/use-sidecar-1.0.5.tgz",
			"integrity": "sha512-k9jnrjYNwN6xYLj1iaGhonDghfvmeTmYjAiGvOr7clwKfPjMXJf4/HOr7oT5tJwYafgp2tG2l3eZEOfoELiMcA==",
			"requires": {
				"detect-node-es": "^1.1.0",
				"tslib": "^1.9.3"
			}
		},
		"wmr": {
			"version": "1.4.1",
			"resolved": "https://registry.npmjs.org/wmr/-/wmr-1.4.1.tgz",
			"integrity": "sha512-MLTjB8DDgsW/ROZk36NlAomko/ETcsIoByORBYe3pIZG1S9RQbFRBXGFp8wlAKzGSv2jO7jbv+uhITFDk5uGWg==",
			"dev": true
		},
		"wouter": {
			"version": "2.7.4",
			"resolved": "https://registry.npmjs.org/wouter/-/wouter-2.7.4.tgz",
			"integrity": "sha512-shJIsHR+gcn69L2zR+0eKquOvAcjfIEdhzf8iAP502DlrAwg5lO2Q90DqIvXryNz/mk1fe2crTB40ZHXjoF1Bg=="
		}
	}
}
